// !$*UTF8*$!
{
	archiveVersion = 1;
	classes = {
	};
	objectVersion = 51;
	objects = {

/* Begin PBXBuildFile section */
		84616FA623DE8FF80056342B /* MovieCell.swift in Sources */ = {isa = PBXBuildFile; fileRef = 84616FA523DE8FF80056342B /* MovieCell.swift */; };
		846D7FBE23D9158D0075ED26 /* AppDelegate.swift in Sources */ = {isa = PBXBuildFile; fileRef = 846D7FBD23D9158D0075ED26 /* AppDelegate.swift */; };
		846D7FC023D9158D0075ED26 /* SceneDelegate.swift in Sources */ = {isa = PBXBuildFile; fileRef = 846D7FBF23D9158D0075ED26 /* SceneDelegate.swift */; };
		846D7FC523D9158D0075ED26 /* Main.storyboard in Resources */ = {isa = PBXBuildFile; fileRef = 846D7FC323D9158D0075ED26 /* Main.storyboard */; };
		846D7FC723D9158D0075ED26 /* Assets.xcassets in Resources */ = {isa = PBXBuildFile; fileRef = 846D7FC623D9158D0075ED26 /* Assets.xcassets */; };
		846D7FCA23D9158D0075ED26 /* LaunchScreen.storyboard in Resources */ = {isa = PBXBuildFile; fileRef = 846D7FC823D9158D0075ED26 /* LaunchScreen.storyboard */; };
		846D7FD223D918520075ED26 /* MovieViewController.swift in Sources */ = {isa = PBXBuildFile; fileRef = 846D7FD123D918520075ED26 /* MovieViewController.swift */; };
		8492ADDD23DFAC1100DEFF8D /* MovieDetailsViewController.swift in Sources */ = {isa = PBXBuildFile; fileRef = 8492ADDC23DFAC1100DEFF8D /* MovieDetailsViewController.swift */; };
		8492ADDF23E79F1900DEFF8D /* MovieGridViewController.swift in Sources */ = {isa = PBXBuildFile; fileRef = 8492ADDE23E79F1900DEFF8D /* MovieGridViewController.swift */; };
		8492ADE123E7A1D400DEFF8D /* MovieGridCell.swift in Sources */ = {isa = PBXBuildFile; fileRef = 8492ADE023E7A1D400DEFF8D /* MovieGridCell.swift */; };
		A25CB10CACE050D68DF43E80 /* Pods_Flix.framework in Frameworks */ = {isa = PBXBuildFile; fileRef = D6FE6E967BF3E88ECF3FC1C7 /* Pods_Flix.framework */; };
/* End PBXBuildFile section */

/* Begin PBXFileReference section */
		73F86D451D25DC6FAB5C99AA /* Pods-Flix.debug.xcconfig */ = {isa = PBXFileReference; includeInIndex = 1; lastKnownFileType = text.xcconfig; name = "Pods-Flix.debug.xcconfig"; path = "Target Support Files/Pods-Flix/Pods-Flix.debug.xcconfig"; sourceTree = "<group>"; };
		84616FA523DE8FF80056342B /* MovieCell.swift */ = {isa = PBXFileReference; lastKnownFileType = sourcecode.swift; path = MovieCell.swift; sourceTree = "<group>"; };
		846D7FBA23D9158D0075ED26 /* Flix.app */ = {isa = PBXFileReference; explicitFileType = wrapper.application; includeInIndex = 0; path = Flix.app; sourceTree = BUILT_PRODUCTS_DIR; };
		846D7FBD23D9158D0075ED26 /* AppDelegate.swift */ = {isa = PBXFileReference; lastKnownFileType = sourcecode.swift; path = AppDelegate.swift; sourceTree = "<group>"; };
		846D7FBF23D9158D0075ED26 /* SceneDelegate.swift */ = {isa = PBXFileReference; lastKnownFileType = sourcecode.swift; path = SceneDelegate.swift; sourceTree = "<group>"; };
		846D7FC423D9158D0075ED26 /* Base */ = {isa = PBXFileReference; lastKnownFileType = file.storyboard; name = Base; path = Base.lproj/Main.storyboard; sourceTree = "<group>"; };
		846D7FC623D9158D0075ED26 /* Assets.xcassets */ = {isa = PBXFileReference; lastKnownFileType = folder.assetcatalog; path = Assets.xcassets; sourceTree = "<group>"; };
		846D7FC923D9158D0075ED26 /* Base */ = {isa = PBXFileReference; lastKnownFileType = file.storyboard; name = Base; path = Base.lproj/LaunchScreen.storyboard; sourceTree = "<group>"; };
		846D7FCB23D9158D0075ED26 /* Info.plist */ = {isa = PBXFileReference; lastKnownFileType = text.plist.xml; path = Info.plist; sourceTree = "<group>"; };
		846D7FD123D918520075ED26 /* MovieViewController.swift */ = {isa = PBXFileReference; lastKnownFileType = sourcecode.swift; path = MovieViewController.swift; sourceTree = "<group>"; };
		8492ADDC23DFAC1100DEFF8D /* MovieDetailsViewController.swift */ = {isa = PBXFileReference; lastKnownFileType = sourcecode.swift; path = MovieDetailsViewController.swift; sourceTree = "<group>"; };
		8492ADDE23E79F1900DEFF8D /* MovieGridViewController.swift */ = {isa = PBXFileReference; lastKnownFileType = sourcecode.swift; path = MovieGridViewController.swift; sourceTree = "<group>"; };
		8492ADE023E7A1D400DEFF8D /* MovieGridCell.swift */ = {isa = PBXFileReference; lastKnownFileType = sourcecode.swift; path = MovieGridCell.swift; sourceTree = "<group>"; };
		A6833CCB258F1115E3633280 /* Pods-Flix.release.xcconfig */ = {isa = PBXFileReference; includeInIndex = 1; lastKnownFileType = text.xcconfig; name = "Pods-Flix.release.xcconfig"; path = "Target Support Files/Pods-Flix/Pods-Flix.release.xcconfig"; sourceTree = "<group>"; };
		D6FE6E967BF3E88ECF3FC1C7 /* Pods_Flix.framework */ = {isa = PBXFileReference; explicitFileType = wrapper.framework; includeInIndex = 0; path = Pods_Flix.framework; sourceTree = BUILT_PRODUCTS_DIR; };
/* End PBXFileReference section */

/* Begin PBXFrameworksBuildPhase section */
		846D7FB723D9158D0075ED26 /* Frameworks */ = {
			isa = PBXFrameworksBuildPhase;
			buildActionMask = 2147483647;
			files = (
				A25CB10CACE050D68DF43E80 /* Pods_Flix.framework in Frameworks */,
			);
			runOnlyForDeploymentPostprocessing = 0;
		};
/* End PBXFrameworksBuildPhase section */

/* Begin PBXGroup section */
		621CA6D9E5DC663CC6EBE574 /* Frameworks */ = {
			isa = PBXGroup;
			children = (
				D6FE6E967BF3E88ECF3FC1C7 /* Pods_Flix.framework */,
			);
			name = Frameworks;
			sourceTree = "<group>";
		};
		846D7FB123D9158D0075ED26 = {
			isa = PBXGroup;
			children = (
				846D7FBC23D9158D0075ED26 /* Flix */,
				846D7FBB23D9158D0075ED26 /* Products */,
				8EA441C02685AE6D4B84FC21 /* Pods */,
				621CA6D9E5DC663CC6EBE574 /* Frameworks */,
			);
			sourceTree = "<group>";
		};
		846D7FBB23D9158D0075ED26 /* Products */ = {
			isa = PBXGroup;
			children = (
				846D7FBA23D9158D0075ED26 /* Flix.app */,
			);
			name = Products;
			sourceTree = "<group>";
		};
		846D7FBC23D9158D0075ED26 /* Flix */ = {
			isa = PBXGroup;
			children = (
				846D7FBD23D9158D0075ED26 /* AppDelegate.swift */,
				846D7FBF23D9158D0075ED26 /* SceneDelegate.swift */,
				846D7FC323D9158D0075ED26 /* Main.storyboard */,
				846D7FC623D9158D0075ED26 /* Assets.xcassets */,
				846D7FC823D9158D0075ED26 /* LaunchScreen.storyboard */,
				846D7FCB23D9158D0075ED26 /* Info.plist */,
				846D7FD123D918520075ED26 /* MovieViewController.swift */,
				84616FA523DE8FF80056342B /* MovieCell.swift */,
				8492ADDC23DFAC1100DEFF8D /* MovieDetailsViewController.swift */,
				8492ADDE23E79F1900DEFF8D /* MovieGridViewController.swift */,
				8492ADE023E7A1D400DEFF8D /* MovieGridCell.swift */,
			);
			path = Flix;
			sourceTree = "<group>";
		};
		8EA441C02685AE6D4B84FC21 /* Pods */ = {
			isa = PBXGroup;
			children = (
				73F86D451D25DC6FAB5C99AA /* Pods-Flix.debug.xcconfig */,
				A6833CCB258F1115E3633280 /* Pods-Flix.release.xcconfig */,
			);
			path = Pods;
			sourceTree = "<group>";
		};
/* End PBXGroup section */

/* Begin PBXNativeTarget section */
		846D7FB923D9158D0075ED26 /* Flix */ = {
			isa = PBXNativeTarget;
			buildConfigurationList = 846D7FCE23D9158D0075ED26 /* Build configuration list for PBXNativeTarget "Flix" */;
			buildPhases = (
				5CA86F30DD9C6E5ED661686F /* [CP] Check Pods Manifest.lock */,
				846D7FB623D9158D0075ED26 /* Sources */,
				846D7FB723D9158D0075ED26 /* Frameworks */,
				846D7FB823D9158D0075ED26 /* Resources */,
				92370B38EF7557422D100A87 /* [CP] Embed Pods Frameworks */,
			);
			buildRules = (
			);
			dependencies = (
			);
			name = Flix;
			productName = Flix;
			productReference = 846D7FBA23D9158D0075ED26 /* Flix.app */;
			productType = "com.apple.product-type.application";
		};
/* End PBXNativeTarget section */

/* Begin PBXProject section */
		846D7FB223D9158D0075ED26 /* Project object */ = {
			isa = PBXProject;
			attributes = {
				LastSwiftUpdateCheck = 1120;
				LastUpgradeCheck = 1120;
				ORGANIZATIONNAME = "Joseph Won";
				TargetAttributes = {
					846D7FB923D9158D0075ED26 = {
						CreatedOnToolsVersion = 11.2.1;
					};
				};
			};
			buildConfigurationList = 846D7FB523D9158D0075ED26 /* Build configuration list for PBXProject "Flix" */;
			compatibilityVersion = "Xcode 9.3";
			developmentRegion = en;
			hasScannedForEncodings = 0;
			knownRegions = (
				en,
				Base,
			);
			mainGroup = 846D7FB123D9158D0075ED26;
			productRefGroup = 846D7FBB23D9158D0075ED26 /* Products */;
			projectDirPath = "";
			projectRoot = "";
			targets = (
				846D7FB923D9158D0075ED26 /* Flix */,
			);
		};
/* End PBXProject section */

/* Begin PBXResourcesBuildPhase section */
		846D7FB823D9158D0075ED26 /* Resources */ = {
			isa = PBXResourcesBuildPhase;
			buildActionMask = 2147483647;
			files = (
				846D7FCA23D9158D0075ED26 /* LaunchScreen.storyboard in Resources */,
				846D7FC723D9158D0075ED26 /* Assets.xcassets in Resources */,
				846D7FC523D9158D0075ED26 /* Main.storyboard in Resources */,
			);
			runOnlyForDeploymentPostprocessing = 0;
		};
/* End PBXResourcesBuildPhase section */

/* Begin PBXShellScriptBuildPhase section */
		5CA86F30DD9C6E5ED661686F /* [CP] Check Pods Manifest.lock */ = {
			isa = PBXShellScriptBuildPhase;
			buildActionMask = 2147483647;
			files = (
			);
			inputFileListPaths = (
			);
			inputPaths = (
				"${PODS_PODFILE_DIR_PATH}/Podfile.lock",
				"${PODS_ROOT}/Manifest.lock",
			);
			name = "[CP] Check Pods Manifest.lock";
			outputFileListPaths = (
			);
			outputPaths = (
				"$(DERIVED_FILE_DIR)/Pods-Flix-checkManifestLockResult.txt",
			);
			runOnlyForDeploymentPostprocessing = 0;
			shellPath = /bin/sh;
			shellScript = "diff \"${PODS_PODFILE_DIR_PATH}/Podfile.lock\" \"${PODS_ROOT}/Manifest.lock\" > /dev/null\nif [ $? != 0 ] ; then\n    # print error to STDERR\n    echo \"error: The sandbox is not in sync with the Podfile.lock. Run 'pod install' or update your CocoaPods installation.\" >&2\n    exit 1\nfi\n# This output is used by Xcode 'outputs' to avoid re-running this script phase.\necho \"SUCCESS\" > \"${SCRIPT_OUTPUT_FILE_0}\"\n";
			showEnvVarsInLog = 0;
		};
		92370B38EF7557422D100A87 /* [CP] Embed Pods Frameworks */ = {
			isa = PBXShellScriptBuildPhase;
			buildActionMask = 2147483647;
			files = (
			);
			inputFileListPaths = (
				"${PODS_ROOT}/Target Support Files/Pods-Flix/Pods-Flix-frameworks-${CONFIGURATION}-input-files.xcfilelist",
			);
			name = "[CP] Embed Pods Frameworks";
			outputFileListPaths = (
				"${PODS_ROOT}/Target Support Files/Pods-Flix/Pods-Flix-frameworks-${CONFIGURATION}-output-files.xcfilelist",
			);
			runOnlyForDeploymentPostprocessing = 0;
			shellPath = /bin/sh;
			shellScript = "\"${PODS_ROOT}/Target Support Files/Pods-Flix/Pods-Flix-frameworks.sh\"\n";
			showEnvVarsInLog = 0;
		};
/* End PBXShellScriptBuildPhase section */

/* Begin PBXSourcesBuildPhase section */
		846D7FB623D9158D0075ED26 /* Sources */ = {
			isa = PBXSourcesBuildPhase;
			buildActionMask = 2147483647;
			files = (
				8492ADDD23DFAC1100DEFF8D /* MovieDetailsViewController.swift in Sources */,
				846D7FBE23D9158D0075ED26 /* AppDelegate.swift in Sources */,
				846D7FC023D9158D0075ED26 /* SceneDelegate.swift in Sources */,
				84616FA623DE8FF80056342B /* MovieCell.swift in Sources */,
				846D7FD223D918520075ED26 /* MovieViewController.swift in Sources */,
				8492ADDF23E79F1900DEFF8D /* MovieGridViewController.swift in Sources */,
				8492ADE123E7A1D400DEFF8D /* MovieGridCell.swift in Sources */,
			);
			runOnlyForDeploymentPostprocessing = 0;
		};
/* End PBXSourcesBuildPhase section */

/* Begin PBXVariantGroup section */
		846D7FC323D9158D0075ED26 /* Main.storyboard */ = {
			isa = PBXVariantGroup;
			children = (
				846D7FC423D9158D0075ED26 /* Base */,
			);
			name = Main.storyboard;
			sourceTree = "<group>";
		};
		846D7FC823D9158D0075ED26 /* LaunchScreen.storyboard */ = {
			isa = PBXVariantGroup;
			children = (
				846D7FC923D9158D0075ED26 /* Base */,
			);
			name = LaunchScreen.storyboard;
			sourceTree = "<group>";
		};
/* End PBXVariantGroup section */

/* Begin XCBuildConfiguration section */
		846D7FCC23D9158D0075ED26 /* Debug */ = {
			isa = XCBuildConfiguration;
			buildSettings = {
				ALWAYS_SEARCH_USER_PATHS = NO;
				CLANG_ANALYZER_NONNULL = YES;
				CLANG_ANALYZER_NUMBER_OBJECT_CONVERSION = YES_AGGRESSIVE;
				CLANG_CXX_LANGUAGE_STANDARD = "gnu++14";
				CLANG_CXX_LIBRARY = "libc++";
				CLANG_ENABLE_MODULES = YES;
				CLANG_ENABLE_OBJC_ARC = YES;
				CLANG_ENABLE_OBJC_WEAK = YES;
				CLANG_WARN_BLOCK_CAPTURE_AUTORELEASING = YES;
				CLANG_WARN_BOOL_CONVERSION = YES;
				CLANG_WARN_COMMA = YES;
				CLANG_WARN_CONSTANT_CONVERSION = YES;
				CLANG_WARN_DEPRECATED_OBJC_IMPLEMENTATIONS = YES;
				CLANG_WARN_DIRECT_OBJC_ISA_USAGE = YES_ERROR;
				CLANG_WARN_DOCUMENTATION_COMMENTS = YES;
				CLANG_WARN_EMPTY_BODY = YES;
				CLANG_WARN_ENUM_CONVERSION = YES;
				CLANG_WARN_INFINITE_RECURSION = YES;
				CLANG_WARN_INT_CONVERSION = YES;
				CLANG_WARN_NON_LITERAL_NULL_CONVERSION = YES;
				CLANG_WARN_OBJC_IMPLICIT_RETAIN_SELF = YES;
				CLANG_WARN_OBJC_LITERAL_CONVERSION = YES;
				CLANG_WARN_OBJC_ROOT_CLASS = YES_ERROR;
				CLANG_WARN_RANGE_LOOP_ANALYSIS = YES;
				CLANG_WARN_STRICT_PROTOTYPES = YES;
				CLANG_WARN_SUSPICIOUS_MOVE = YES;
				CLANG_WARN_UNGUARDED_AVAILABILITY = YES_AGGRESSIVE;
				CLANG_WARN_UNREACHABLE_CODE = YES;
				CLANG_WARN__DUPLICATE_METHOD_MATCH = YES;
				COPY_PHASE_STRIP = NO;
				DEBUG_INFORMATION_FORMAT = dwarf;
				ENABLE_STRICT_OBJC_MSGSEND = YES;
				ENABLE_TESTABILITY = YES;
				GCC_C_LANGUAGE_STANDARD = gnu11;
				GCC_DYNAMIC_NO_PIC = NO;
				GCC_NO_COMMON_BLOCKS = YES;
				GCC_OPTIMIZATION_LEVEL = 0;
				GCC_PREPROCESSOR_DEFINITIONS = (
					"DEBUG=1",
					"$(inherited)",
				);
				GCC_WARN_64_TO_32_BIT_CONVERSION = YES;
				GCC_WARN_ABOUT_RETURN_TYPE = YES_ERROR;
				GCC_WARN_UNDECLARED_SELECTOR = YES;
				GCC_WARN_UNINITIALIZED_AUTOS = YES_AGGRESSIVE;
				GCC_WARN_UNUSED_FUNCTION = YES;
				GCC_WARN_UNUSED_VARIABLE = YES;
				IPHONEOS_DEPLOYMENT_TARGET = 13.2;
				MTL_ENABLE_DEBUG_INFO = INCLUDE_SOURCE;
				MTL_FAST_MATH = YES;
				ONLY_ACTIVE_ARCH = YES;
				SDKROOT = iphoneos;
				SWIFT_ACTIVE_COMPILATION_CONDITIONS = DEBUG;
				SWIFT_OPTIMIZATION_LEVEL = "-Onone";
			};
			name = Debug;
		};
		846D7FCD23D9158D0075ED26 /* Release */ = {
			isa = XCBuildConfiguration;
			buildSettings = {
				ALWAYS_SEARCH_USER_PATHS = NO;
				CLANG_ANALYZER_NONNULL = YES;
				CLANG_ANALYZER_NUMBER_OBJECT_CONVERSION = YES_AGGRESSIVE;
				CLANG_CXX_LANGUAGE_STANDARD = "gnu++14";
				CLANG_CXX_LIBRARY = "libc++";
				CLANG_ENABLE_MODULES = YES;
				CLANG_ENABLE_OBJC_ARC = YES;
				CLANG_ENABLE_OBJC_WEAK = YES;
				CLANG_WARN_BLOCK_CAPTURE_AUTORELEASING = YES;
				CLANG_WARN_BOOL_CONVERSION = YES;
				CLANG_WARN_COMMA = YES;
				CLANG_WARN_CONSTANT_CONVERSION = YES;
				CLANG_WARN_DEPRECATED_OBJC_IMPLEMENTATIONS = YES;
				CLANG_WARN_DIRECT_OBJC_ISA_USAGE = YES_ERROR;
				CLANG_WARN_DOCUMENTATION_COMMENTS = YES;
				CLANG_WARN_EMPTY_BODY = YES;
				CLANG_WARN_ENUM_CONVERSION = YES;
				CLANG_WARN_INFINITE_RECURSION = YES;
				CLANG_WARN_INT_CONVERSION = YES;
				CLANG_WARN_NON_LITERAL_NULL_CONVERSION = YES;
				CLANG_WARN_OBJC_IMPLICIT_RETAIN_SELF = YES;
				CLANG_WARN_OBJC_LITERAL_CONVERSION = YES;
				CLANG_WARN_OBJC_ROOT_CLASS = YES_ERROR;
				CLANG_WARN_RANGE_LOOP_ANALYSIS = YES;
				CLANG_WARN_STRICT_PROTOTYPES = YES;
				CLANG_WARN_SUSPICIOUS_MOVE = YES;
				CLANG_WARN_UNGUARDED_AVAILABILITY = YES_AGGRESSIVE;
				CLANG_WARN_UNREACHABLE_CODE = YES;
				CLANG_WARN__DUPLICATE_METHOD_MATCH = YES;
				COPY_PHASE_STRIP = NO;
				DEBUG_INFORMATION_FORMAT = "dwarf-with-dsym";
				ENABLE_NS_ASSERTIONS = NO;
				ENABLE_STRICT_OBJC_MSGSEND = YES;
				GCC_C_LANGUAGE_STANDARD = gnu11;
				GCC_NO_COMMON_BLOCKS = YES;
				GCC_WARN_64_TO_32_BIT_CONVERSION = YES;
				GCC_WARN_ABOUT_RETURN_TYPE = YES_ERROR;
				GCC_WARN_UNDECLARED_SELECTOR = YES;
				GCC_WARN_UNINITIALIZED_AUTOS = YES_AGGRESSIVE;
				GCC_WARN_UNUSED_FUNCTION = YES;
				GCC_WARN_UNUSED_VARIABLE = YES;
				IPHONEOS_DEPLOYMENT_TARGET = 13.2;
				MTL_ENABLE_DEBUG_INFO = NO;
				MTL_FAST_MATH = YES;
				SDKROOT = iphoneos;
				SWIFT_COMPILATION_MODE = wholemodule;
				SWIFT_OPTIMIZATION_LEVEL = "-O";
				VALIDATE_PRODUCT = YES;
			};
			name = Release;
		};
		846D7FCF23D9158D0075ED26 /* Debug */ = {
			isa = XCBuildConfiguration;
			baseConfigurationReference = 73F86D451D25DC6FAB5C99AA /* Pods-Flix.debug.xcconfig */;
			buildSettings = {
				ASSETCATALOG_COMPILER_APPICON_NAME = AppIcon;
				CODE_SIGN_STYLE = Automatic;
				DEVELOPMENT_TEAM = J2GNF7PKSK;
				INFOPLIST_FILE = Flix/Info.plist;
				LD_RUNPATH_SEARCH_PATHS = (
					"$(inherited)",
					"@executable_path/Frameworks",
				);
				PRODUCT_BUNDLE_IDENTIFIER = com.josephwon.Flix;
				PRODUCT_NAME = "$(TARGET_NAME)";
				SWIFT_VERSION = 5.0;
				TARGETED_DEVICE_FAMILY = "1,2";
			};
			name = Debug;
		};
		846D7FD023D9158D0075ED26 /* Release */ = {
			isa = XCBuildConfiguration;
			baseConfigurationReference = A6833CCB258F1115E3633280 /* Pods-Flix.release.xcconfig */;
			buildSettings = {
				ASSETCATALOG_COMPILER_APPICON_NAME = AppIcon;
				CODE_SIGN_STYLE = Automatic;
				DEVELOPMENT_TEAM = J2GNF7PKSK;
				INFOPLIST_FILE = Flix/Info.plist;
				LD_RUNPATH_SEARCH_PATHS = (
					"$(inherited)",
					"@executable_path/Frameworks",
				);
				PRODUCT_BUNDLE_IDENTIFIER = com.josephwon.Flix;
				PRODUCT_NAME = "$(TARGET_NAME)";
				SWIFT_VERSION = 5.0;
				TARGETED_DEVICE_FAMILY = "1,2";
			};
			name = Release;
		};
/* End XCBuildConfiguration section */

/* Begin XCConfigurationList section */
		846D7FB523D9158D0075ED26 /* Build configuration list for PBXProject "Flix" */ = {
			isa = XCConfigurationList;
			buildConfigurations = (
				846D7FCC23D9158D0075ED26 /* Debug */,
				846D7FCD23D9158D0075ED26 /* Release */,
			);
			defaultConfigurationIsVisible = 0;
			defaultConfigurationName = Release;
		};
		846D7FCE23D9158D0075ED26 /* Build configuration list for PBXNativeTarget "Flix" */ = {
			isa = XCConfigurationList;
			buildConfigurations = (
				846D7FCF23D9158D0075ED26 /* Debug */,
				846D7FD023D9158D0075ED26 /* Release */,
			);
			defaultConfigurationIsVisible = 0;
			defaultConfigurationName = Release;
		};
/* End XCConfigurationList section */
	};
	rootObject = 846D7FB223D9158D0075ED26 /* Project object */;
}
